// !$*UTF8*$!
{
	archiveVersion = 1;
	classes = {
	};
	objectVersion = 50;
	objects = {

/* Begin PBXBuildFile section */
		BDE044162636FE3900EC6326 /* my_extensions.framework in Frameworks */ = {isa = PBXBuildFile; fileRef = BDE0440C2636FE3900EC6326 /* my_extensions.framework */; };
		BDE0441B2636FE3900EC6326 /* my_extensionsTests.swift in Sources */ = {isa = PBXBuildFile; fileRef = BDE0441A2636FE3900EC6326 /* my_extensionsTests.swift */; };
		BDE0441D2636FE3900EC6326 /* my_extensions.h in Headers */ = {isa = PBXBuildFile; fileRef = BDE0440F2636FE3900EC6326 /* my_extensions.h */; settings = {ATTRIBUTES = (Public, ); }; };
		BDE0442A2636FEA600EC6326 /* Validation+Extension.swift in Sources */ = {isa = PBXBuildFile; fileRef = BDE044292636FEA600EC6326 /* Validation+Extension.swift */; };
/* End PBXBuildFile section */

/* Begin PBXContainerItemProxy section */
		BDE044172636FE3900EC6326 /* PBXContainerItemProxy */ = {
			isa = PBXContainerItemProxy;
			containerPortal = BDE044032636FE3900EC6326 /* Project object */;
			proxyType = 1;
			remoteGlobalIDString = BDE0440B2636FE3900EC6326;
			remoteInfo = "my-extensions";
		};
/* End PBXContainerItemProxy section */

/* Begin PBXFileReference section */
		BDE0440C2636FE3900EC6326 /* my_extensions.framework */ = {isa = PBXFileReference; explicitFileType = wrapper.framework; includeInIndex = 0; path = my_extensions.framework; sourceTree = BUILT_PRODUCTS_DIR; };
		BDE0440F2636FE3900EC6326 /* my_extensions.h */ = {isa = PBXFileReference; lastKnownFileType = sourcecode.c.h; path = my_extensions.h; sourceTree = "<group>"; };
		BDE044102636FE3900EC6326 /* Info.plist */ = {isa = PBXFileReference; lastKnownFileType = text.plist.xml; path = Info.plist; sourceTree = "<group>"; };
		BDE044152636FE3900EC6326 /* my-extensionsTests.xctest */ = {isa = PBXFileReference; explicitFileType = wrapper.cfbundle; includeInIndex = 0; path = "my-extensionsTests.xctest"; sourceTree = BUILT_PRODUCTS_DIR; };
		BDE0441A2636FE3900EC6326 /* my_extensionsTests.swift */ = {isa = PBXFileReference; lastKnownFileType = sourcecode.swift; path = my_extensionsTests.swift; sourceTree = "<group>"; };
		BDE0441C2636FE3900EC6326 /* Info.plist */ = {isa = PBXFileReference; lastKnownFileType = text.plist.xml; path = Info.plist; sourceTree = "<group>"; };
		BDE044292636FEA600EC6326 /* Validation+Extension.swift */ = {isa = PBXFileReference; lastKnownFileType = sourcecode.swift; path = "Validation+Extension.swift"; sourceTree = "<group>"; };
/* End PBXFileReference section */

/* Begin PBXFrameworksBuildPhase section */
		BDE044092636FE3900EC6326 /* Frameworks */ = {
			isa = PBXFrameworksBuildPhase;
			buildActionMask = 2147483647;
			files = (
			);
			runOnlyForDeploymentPostprocessing = 0;
		};
		BDE044122636FE3900EC6326 /* Frameworks */ = {
			isa = PBXFrameworksBuildPhase;
			buildActionMask = 2147483647;
			files = (
				BDE044162636FE3900EC6326 /* my_extensions.framework in Frameworks */,
			);
			runOnlyForDeploymentPostprocessing = 0;
		};
/* End PBXFrameworksBuildPhase section */

/* Begin PBXGroup section */
		BDE044022636FE3900EC6326 = {
			isa = PBXGroup;
			children = (
				BDE0440E2636FE3900EC6326 /* my-extensions */,
				BDE044192636FE3900EC6326 /* my-extensionsTests */,
				BDE0440D2636FE3900EC6326 /* Products */,
			);
			sourceTree = "<group>";
		};
		BDE0440D2636FE3900EC6326 /* Products */ = {
			isa = PBXGroup;
			children = (
				BDE0440C2636FE3900EC6326 /* my_extensions.framework */,
				BDE044152636FE3900EC6326 /* my-extensionsTests.xctest */,
			);
			name = Products;
			sourceTree = "<group>";
		};
		BDE0440E2636FE3900EC6326 /* my-extensions */ = {
			isa = PBXGroup;
			children = (
				BDE044282636FE5400EC6326 /* Extensions */,
				BDE0440F2636FE3900EC6326 /* my_extensions.h */,
				BDE044102636FE3900EC6326 /* Info.plist */,
			);
			path = "my-extensions";
			sourceTree = "<group>";
		};
		BDE044192636FE3900EC6326 /* my-extensionsTests */ = {
			isa = PBXGroup;
			children = (
				BDE0441A2636FE3900EC6326 /* my_extensionsTests.swift */,
				BDE0441C2636FE3900EC6326 /* Info.plist */,
			);
			path = "my-extensionsTests";
			sourceTree = "<group>";
		};
		BDE044282636FE5400EC6326 /* Extensions */ = {
			isa = PBXGroup;
			children = (
				BDE044292636FEA600EC6326 /* Validation+Extension.swift */,
			);
			path = Extensions;
			sourceTree = "<group>";
		};
/* End PBXGroup section */

/* Begin PBXHeadersBuildPhase section */
		BDE044072636FE3900EC6326 /* Headers */ = {
			isa = PBXHeadersBuildPhase;
			buildActionMask = 2147483647;
			files = (
				BDE0441D2636FE3900EC6326 /* my_extensions.h in Headers */,
			);
			runOnlyForDeploymentPostprocessing = 0;
		};
/* End PBXHeadersBuildPhase section */

/* Begin PBXNativeTarget section */
		BDE0440B2636FE3900EC6326 /* my-extensions */ = {
			isa = PBXNativeTarget;
			buildConfigurationList = BDE044202636FE3900EC6326 /* Build configuration list for PBXNativeTarget "my-extensions" */;
			buildPhases = (
				BDE044072636FE3900EC6326 /* Headers */,
				BDE044082636FE3900EC6326 /* Sources */,
				BDE044092636FE3900EC6326 /* Frameworks */,
				BDE0440A2636FE3900EC6326 /* Resources */,
			);
			buildRules = (
			);
			dependencies = (
			);
			name = "my-extensions";
			productName = "my-extensions";
			productReference = BDE0440C2636FE3900EC6326 /* my_extensions.framework */;
			productType = "com.apple.product-type.framework";
		};
		BDE044142636FE3900EC6326 /* my-extensionsTests */ = {
			isa = PBXNativeTarget;
			buildConfigurationList = BDE044232636FE3900EC6326 /* Build configuration list for PBXNativeTarget "my-extensionsTests" */;
			buildPhases = (
				BDE044112636FE3900EC6326 /* Sources */,
				BDE044122636FE3900EC6326 /* Frameworks */,
				BDE044132636FE3900EC6326 /* Resources */,
			);
			buildRules = (
			);
			dependencies = (
				BDE044182636FE3900EC6326 /* PBXTargetDependency */,
			);
			name = "my-extensionsTests";
			productName = "my-extensionsTests";
			productReference = BDE044152636FE3900EC6326 /* my-extensionsTests.xctest */;
			productType = "com.apple.product-type.bundle.unit-test";
		};
/* End PBXNativeTarget section */

/* Begin PBXProject section */
		BDE044032636FE3900EC6326 /* Project object */ = {
			isa = PBXProject;
			attributes = {
				LastSwiftUpdateCheck = 1240;
				LastUpgradeCheck = 1240;
				TargetAttributes = {
					BDE0440B2636FE3900EC6326 = {
						CreatedOnToolsVersion = 12.4;
						LastSwiftMigration = 1240;
					};
					BDE044142636FE3900EC6326 = {
						CreatedOnToolsVersion = 12.4;
					};
				};
			};
			buildConfigurationList = BDE044062636FE3900EC6326 /* Build configuration list for PBXProject "my-extensions" */;
			compatibilityVersion = "Xcode 9.3";
			developmentRegion = en;
			hasScannedForEncodings = 0;
			knownRegions = (
				en,
				Base,
			);
			mainGroup = BDE044022636FE3900EC6326;
			productRefGroup = BDE0440D2636FE3900EC6326 /* Products */;
			projectDirPath = "";
			projectRoot = "";
			targets = (
				BDE0440B2636FE3900EC6326 /* my-extensions */,
				BDE044142636FE3900EC6326 /* my-extensionsTests */,
			);
		};
/* End PBXProject section */

/* Begin PBXResourcesBuildPhase section */
		BDE0440A2636FE3900EC6326 /* Resources */ = {
			isa = PBXResourcesBuildPhase;
			buildActionMask = 2147483647;
			files = (
			);
			runOnlyForDeploymentPostprocessing = 0;
		};
		BDE044132636FE3900EC6326 /* Resources */ = {
			isa = PBXResourcesBuildPhase;
			buildActionMask = 2147483647;
			files = (
			);
			runOnlyForDeploymentPostprocessing = 0;
		};
/* End PBXResourcesBuildPhase section */

/* Begin PBXSourcesBuildPhase section */
		BDE044082636FE3900EC6326 /* Sources */ = {
			isa = PBXSourcesBuildPhase;
			buildActionMask = 2147483647;
			files = (
				BDE0442A2636FEA600EC6326 /* Validation+Extension.swift in Sources */,
			);
			runOnlyForDeploymentPostprocessing = 0;
		};
		BDE044112636FE3900EC6326 /* Sources */ = {
			isa = PBXSourcesBuildPhase;
			buildActionMask = 2147483647;
			files = (
				BDE0441B2636FE3900EC6326 /* my_extensionsTests.swift in Sources */,
			);
			runOnlyForDeploymentPostprocessing = 0;
		};
/* End PBXSourcesBuildPhase section */

/* Begin PBXTargetDependency section */
		BDE044182636FE3900EC6326 /* PBXTargetDependency */ = {
			isa = PBXTargetDependency;
			target = BDE0440B2636FE3900EC6326 /* my-extensions */;
			targetProxy = BDE044172636FE3900EC6326 /* PBXContainerItemProxy */;
		};
/* End PBXTargetDependency section */

/* Begin XCBuildConfiguration section */
		BDE0441E2636FE3900EC6326 /* Debug */ = {
			isa = XCBuildConfiguration;
			buildSettings = {
				ALWAYS_SEARCH_USER_PATHS = NO;
				CLANG_ANALYZER_NONNULL = YES;
				CLANG_ANALYZER_NUMBER_OBJECT_CONVERSION = YES_AGGRESSIVE;
				CLANG_CXX_LANGUAGE_STANDARD = "gnu++14";
				CLANG_CXX_LIBRARY = "libc++";
				CLANG_ENABLE_MODULES = YES;
				CLANG_ENABLE_OBJC_ARC = YES;
				CLANG_ENABLE_OBJC_WEAK = YES;
				CLANG_WARN_BLOCK_CAPTURE_AUTORELEASING = YES;
				CLANG_WARN_BOOL_CONVERSION = YES;
				CLANG_WARN_COMMA = YES;
				CLANG_WARN_CONSTANT_CONVERSION = YES;
				CLANG_WARN_DEPRECATED_OBJC_IMPLEMENTATIONS = YES;
				CLANG_WARN_DIRECT_OBJC_ISA_USAGE = YES_ERROR;
				CLANG_WARN_DOCUMENTATION_COMMENTS = YES;
				CLANG_WARN_EMPTY_BODY = YES;
				CLANG_WARN_ENUM_CONVERSION = YES;
				CLANG_WARN_INFINITE_RECURSION = YES;
				CLANG_WARN_INT_CONVERSION = YES;
				CLANG_WARN_NON_LITERAL_NULL_CONVERSION = YES;
				CLANG_WARN_OBJC_IMPLICIT_RETAIN_SELF = YES;
				CLANG_WARN_OBJC_LITERAL_CONVERSION = YES;
				CLANG_WARN_OBJC_ROOT_CLASS = YES_ERROR;
				CLANG_WARN_QUOTED_INCLUDE_IN_FRAMEWORK_HEADER = YES;
				CLANG_WARN_RANGE_LOOP_ANALYSIS = YES;
				CLANG_WARN_STRICT_PROTOTYPES = YES;
				CLANG_WARN_SUSPICIOUS_MOVE = YES;
				CLANG_WARN_UNGUARDED_AVAILABILITY = YES_AGGRESSIVE;
				CLANG_WARN_UNREACHABLE_CODE = YES;
				CLANG_WARN__DUPLICATE_METHOD_MATCH = YES;
				COPY_PHASE_STRIP = NO;
				CURRENT_PROJECT_VERSION = 1;
				DEBUG_INFORMATION_FORMAT = dwarf;
				ENABLE_STRICT_OBJC_MSGSEND = YES;
				ENABLE_TESTABILITY = YES;
				GCC_C_LANGUAGE_STANDARD = gnu11;
				GCC_DYNAMIC_NO_PIC = NO;
				GCC_NO_COMMON_BLOCKS = YES;
				GCC_OPTIMIZATION_LEVEL = 0;
				GCC_PREPROCESSOR_DEFINITIONS = (
					"DEBUG=1",
					"$(inherited)",
				);
				GCC_WARN_64_TO_32_BIT_CONVERSION = YES;
				GCC_WARN_ABOUT_RETURN_TYPE = YES_ERROR;
				GCC_WARN_UNDECLARED_SELECTOR = YES;
				GCC_WARN_UNINITIALIZED_AUTOS = YES_AGGRESSIVE;
				GCC_WARN_UNUSED_FUNCTION = YES;
				GCC_WARN_UNUSED_VARIABLE = YES;
				IPHONEOS_DEPLOYMENT_TARGET = 14.4;
				MTL_ENABLE_DEBUG_INFO = INCLUDE_SOURCE;
				MTL_FAST_MATH = YES;
				ONLY_ACTIVE_ARCH = YES;
				SDKROOT = iphoneos;
				SWIFT_ACTIVE_COMPILATION_CONDITIONS = DEBUG;
				SWIFT_OPTIMIZATION_LEVEL = "-Onone";
				VERSIONING_SYSTEM = "apple-generic";
				VERSION_INFO_PREFIX = "";
			};
			name = Debug;
		};
		BDE0441F2636FE3900EC6326 /* Release */ = {
			isa = XCBuildConfiguration;
			buildSettings = {
				ALWAYS_SEARCH_USER_PATHS = NO;
				CLANG_ANALYZER_NONNULL = YES;
				CLANG_ANALYZER_NUMBER_OBJECT_CONVERSION = YES_AGGRESSIVE;
				CLANG_CXX_LANGUAGE_STANDARD = "gnu++14";
				CLANG_CXX_LIBRARY = "libc++";
				CLANG_ENABLE_MODULES = YES;
				CLANG_ENABLE_OBJC_ARC = YES;
				CLANG_ENABLE_OBJC_WEAK = YES;
				CLANG_WARN_BLOCK_CAPTURE_AUTORELEASING = YES;
				CLANG_WARN_BOOL_CONVERSION = YES;
				CLANG_WARN_COMMA = YES;
				CLANG_WARN_CONSTANT_CONVERSION = YES;
				CLANG_WARN_DEPRECATED_OBJC_IMPLEMENTATIONS = YES;
				CLANG_WARN_DIRECT_OBJC_ISA_USAGE = YES_ERROR;
				CLANG_WARN_DOCUMENTATION_COMMENTS = YES;
				CLANG_WARN_EMPTY_BODY = YES;
				CLANG_WARN_ENUM_CONVERSION = YES;
				CLANG_WARN_INFINITE_RECURSION = YES;
				CLANG_WARN_INT_CONVERSION = YES;
				CLANG_WARN_NON_LITERAL_NULL_CONVERSION = YES;
				CLANG_WARN_OBJC_IMPLICIT_RETAIN_SELF = YES;
				CLANG_WARN_OBJC_LITERAL_CONVERSION = YES;
				CLANG_WARN_OBJC_ROOT_CLASS = YES_ERROR;
				CLANG_WARN_QUOTED_INCLUDE_IN_FRAMEWORK_HEADER = YES;
				CLANG_WARN_RANGE_LOOP_ANALYSIS = YES;
				CLANG_WARN_STRICT_PROTOTYPES = YES;
				CLANG_WARN_SUSPICIOUS_MOVE = YES;
				CLANG_WARN_UNGUARDED_AVAILABILITY = YES_AGGRESSIVE;
				CLANG_WARN_UNREACHABLE_CODE = YES;
				CLANG_WARN__DUPLICATE_METHOD_MATCH = YES;
				COPY_PHASE_STRIP = NO;
				CURRENT_PROJECT_VERSION = 1;
				DEBUG_INFORMATION_FORMAT = "dwarf-with-dsym";
				ENABLE_NS_ASSERTIONS = NO;
				ENABLE_STRICT_OBJC_MSGSEND = YES;
				GCC_C_LANGUAGE_STANDARD = gnu11;
				GCC_NO_COMMON_BLOCKS = YES;
				GCC_WARN_64_TO_32_BIT_CONVERSION = YES;
				GCC_WARN_ABOUT_RETURN_TYPE = YES_ERROR;
				GCC_WARN_UNDECLARED_SELECTOR = YES;
				GCC_WARN_UNINITIALIZED_AUTOS = YES_AGGRESSIVE;
				GCC_WARN_UNUSED_FUNCTION = YES;
				GCC_WARN_UNUSED_VARIABLE = YES;
				IPHONEOS_DEPLOYMENT_TARGET = 14.4;
				MTL_ENABLE_DEBUG_INFO = NO;
				MTL_FAST_MATH = YES;
				SDKROOT = iphoneos;
				SWIFT_COMPILATION_MODE = wholemodule;
				SWIFT_OPTIMIZATION_LEVEL = "-O";
				VALIDATE_PRODUCT = YES;
				VERSIONING_SYSTEM = "apple-generic";
				VERSION_INFO_PREFIX = "";
			};
			name = Release;
		};
		BDE044212636FE3900EC6326 /* Debug */ = {
			isa = XCBuildConfiguration;
			buildSettings = {
				CLANG_ENABLE_MODULES = YES;
				CODE_SIGN_STYLE = Automatic;
				DEFINES_MODULE = YES;
				DYLIB_COMPATIBILITY_VERSION = 1;
				DYLIB_CURRENT_VERSION = 1;
				DYLIB_INSTALL_NAME_BASE = "@rpath";
				INFOPLIST_FILE = "my-extensions/Info.plist";
				INSTALL_PATH = "$(LOCAL_LIBRARY_DIR)/Frameworks";
				LD_RUNPATH_SEARCH_PATHS = (
					"$(inherited)",
					"@executable_path/Frameworks",
					"@loader_path/Frameworks",
				);
				PRODUCT_BUNDLE_IDENTIFIER = "com.sample.my-extensions";
				PRODUCT_NAME = "$(TARGET_NAME:c99extidentifier)";
				SKIP_INSTALL = YES;
				SWIFT_OPTIMIZATION_LEVEL = "-Onone";
				SWIFT_VERSION = 5.0;
				TARGETED_DEVICE_FAMILY = "1,2";
			};
			name = Debug;
		};
		BDE044222636FE3900EC6326 /* Release */ = {
			isa = XCBuildConfiguration;
			buildSettings = {
				CLANG_ENABLE_MODULES = YES;
				CODE_SIGN_STYLE = Automatic;
				DEFINES_MODULE = YES;
				DYLIB_COMPATIBILITY_VERSION = 1;
				DYLIB_CURRENT_VERSION = 1;
				DYLIB_INSTALL_NAME_BASE = "@rpath";
				INFOPLIST_FILE = "my-extensions/Info.plist";
				INSTALL_PATH = "$(LOCAL_LIBRARY_DIR)/Frameworks";
				LD_RUNPATH_SEARCH_PATHS = (
					"$(inherited)",
					"@executable_path/Frameworks",
					"@loader_path/Frameworks",
				);
				PRODUCT_BUNDLE_IDENTIFIER = "com.sample.my-extensions";
				PRODUCT_NAME = "$(TARGET_NAME:c99extidentifier)";
				SKIP_INSTALL = YES;
				SWIFT_VERSION = 5.0;
				TARGETED_DEVICE_FAMILY = "1,2";
			};
			name = Release;
		};
		BDE044242636FE3900EC6326 /* Debug */ = {
			isa = XCBuildConfiguration;
			buildSettings = {
				ALWAYS_EMBED_SWIFT_STANDARD_LIBRARIES = YES;
				CODE_SIGN_STYLE = Automatic;
				INFOPLIST_FILE = "my-extensionsTests/Info.plist";
				LD_RUNPATH_SEARCH_PATHS = (
					"$(inherited)",
					"@executable_path/Frameworks",
					"@loader_path/Frameworks",
				);
				PRODUCT_BUNDLE_IDENTIFIER = "com.sample.my-extensionsTests";
				PRODUCT_NAME = "$(TARGET_NAME)";
				SWIFT_VERSION = 5.0;
				TARGETED_DEVICE_FAMILY = "1,2";
			};
			name = Debug;
		};
		BDE044252636FE3900EC6326 /* Release */ = {
			isa = XCBuildConfiguration;
			buildSettings = {
				ALWAYS_EMBED_SWIFT_STANDARD_LIBRARIES = YES;
				CODE_SIGN_STYLE = Automatic;
				INFOPLIST_FILE = "my-extensionsTests/Info.plist";
				LD_RUNPATH_SEARCH_PATHS = (
					"$(inherited)",
					"@executable_path/Frameworks",
					"@loader_path/Frameworks",
				);
				PRODUCT_BUNDLE_IDENTIFIER = "com.sample.my-extensionsTests";
				PRODUCT_NAME = "$(TARGET_NAME)";
				SWIFT_VERSION = 5.0;
				TARGETED_DEVICE_FAMILY = "1,2";
			};
			name = Release;
		};
/* End XCBuildConfiguration section */

/* Begin XCConfigurationList section */
		BDE044062636FE3900EC6326 /* Build configuration list for PBXProject "my-extensions" */ = {
			isa = XCConfigurationList;
			buildConfigurations = (
				BDE0441E2636FE3900EC6326 /* Debug */,
				BDE0441F2636FE3900EC6326 /* Release */,
			);
			defaultConfigurationIsVisible = 0;
			defaultConfigurationName = Release;
		};
		BDE044202636FE3900EC6326 /* Build configuration list for PBXNativeTarget "my-extensions" */ = {
			isa = XCConfigurationList;
			buildConfigurations = (
				BDE044212636FE3900EC6326 /* Debug */,
				BDE044222636FE3900EC6326 /* Release */,
			);
			defaultConfigurationIsVisible = 0;
			defaultConfigurationName = Release;
		};
		BDE044232636FE3900EC6326 /* Build configuration list for PBXNativeTarget "my-extensionsTests" */ = {
			isa = XCConfigurationList;
			buildConfigurations = (
				BDE044242636FE3900EC6326 /* Debug */,
				BDE044252636FE3900EC6326 /* Release */,
			);
			defaultConfigurationIsVisible = 0;
			defaultConfigurationName = Release;
		};
/* End XCConfigurationList section */
	};
	rootObject = BDE044032636FE3900EC6326 /* Project object */;
}
